// !$*UTF8*$!
{
	archiveVersion = 1;
	classes = {
	};
	objectVersion = 56;
	objects = {

/* Begin PBXBuildFile section */
		B04CABFF29F6581A00238E68 /* TellMeApp.swift in Sources */ = {isa = PBXBuildFile; fileRef = B04CABFE29F6581A00238E68 /* TellMeApp.swift */; };
		B04CAC0129F6581A00238E68 /* ContentView.swift in Sources */ = {isa = PBXBuildFile; fileRef = B04CAC0029F6581A00238E68 /* ContentView.swift */; };
		B04CAC0329F6581C00238E68 /* Assets.xcassets in Resources */ = {isa = PBXBuildFile; fileRef = B04CAC0229F6581C00238E68 /* Assets.xcassets */; };
		B04CAC0629F6581C00238E68 /* Preview Assets.xcassets in Resources */ = {isa = PBXBuildFile; fileRef = B04CAC0529F6581C00238E68 /* Preview Assets.xcassets */; };
		B0F2CD7929F6E56800D15C1F /* Constants.swift in Sources */ = {isa = PBXBuildFile; fileRef = B0F2CD7829F6E56800D15C1F /* Constants.swift */; };
		B0F2CD7B29F704B000D15C1F /* README.md in Resources */ = {isa = PBXBuildFile; fileRef = B0F2CD7A29F704B000D15C1F /* README.md */; };
		B0F2CD7E29F7057700D15C1F /* 1st-Screen.png in Resources */ = {isa = PBXBuildFile; fileRef = B0F2CD7D29F7057700D15C1F /* 1st-Screen.png */; };
		B0F2CD8229F705C400D15C1F /* 2nd-Screen.png in Resources */ = {isa = PBXBuildFile; fileRef = B0F2CD7F29F705C400D15C1F /* 2nd-Screen.png */; };
		B0F2CD8329F705C400D15C1F /* Alert-Screen.png in Resources */ = {isa = PBXBuildFile; fileRef = B0F2CD8029F705C400D15C1F /* Alert-Screen.png */; };
		B0F2CD8429F705C400D15C1F /* 3rd-Screen.png in Resources */ = {isa = PBXBuildFile; fileRef = B0F2CD8129F705C400D15C1F /* 3rd-Screen.png */; };
		B0F2CD8629F705D400D15C1F /* .gitignore in Resources */ = {isa = PBXBuildFile; fileRef = B0F2CD8529F705D400D15C1F /* .gitignore */; };
/* End PBXBuildFile section */

/* Begin PBXFileReference section */
		B04CABFB29F6581A00238E68 /* TellMe.app */ = {isa = PBXFileReference; explicitFileType = wrapper.application; includeInIndex = 0; path = TellMe.app; sourceTree = BUILT_PRODUCTS_DIR; };
		B04CABFE29F6581A00238E68 /* TellMeApp.swift */ = {isa = PBXFileReference; lastKnownFileType = sourcecode.swift; path = TellMeApp.swift; sourceTree = "<group>"; };
		B04CAC0029F6581A00238E68 /* ContentView.swift */ = {isa = PBXFileReference; lastKnownFileType = sourcecode.swift; path = ContentView.swift; sourceTree = "<group>"; };
		B04CAC0229F6581C00238E68 /* Assets.xcassets */ = {isa = PBXFileReference; lastKnownFileType = folder.assetcatalog; path = Assets.xcassets; sourceTree = "<group>"; };
		B04CAC0529F6581C00238E68 /* Preview Assets.xcassets */ = {isa = PBXFileReference; lastKnownFileType = folder.assetcatalog; path = "Preview Assets.xcassets"; sourceTree = "<group>"; };
		B0F2CD7829F6E56800D15C1F /* Constants.swift */ = {isa = PBXFileReference; lastKnownFileType = sourcecode.swift; path = Constants.swift; sourceTree = "<group>"; };
		B0F2CD7A29F704B000D15C1F /* README.md */ = {isa = PBXFileReference; lastKnownFileType = net.daringfireball.markdown; path = README.md; sourceTree = "<group>"; };
		B0F2CD7D29F7057700D15C1F /* 1st-Screen.png */ = {isa = PBXFileReference; lastKnownFileType = image.png; path = "1st-Screen.png"; sourceTree = "<group>"; };
		B0F2CD7F29F705C400D15C1F /* 2nd-Screen.png */ = {isa = PBXFileReference; lastKnownFileType = image.png; path = "2nd-Screen.png"; sourceTree = "<group>"; };
		B0F2CD8029F705C400D15C1F /* Alert-Screen.png */ = {isa = PBXFileReference; lastKnownFileType = image.png; path = "Alert-Screen.png"; sourceTree = "<group>"; };
		B0F2CD8129F705C400D15C1F /* 3rd-Screen.png */ = {isa = PBXFileReference; lastKnownFileType = image.png; path = "3rd-Screen.png"; sourceTree = "<group>"; };
		B0F2CD8529F705D400D15C1F /* .gitignore */ = {isa = PBXFileReference; lastKnownFileType = text; path = .gitignore; sourceTree = "<group>"; };
/* End PBXFileReference section */

/* Begin PBXFrameworksBuildPhase section */
		B04CABF829F6581A00238E68 /* Frameworks */ = {
			isa = PBXFrameworksBuildPhase;
			buildActionMask = 2147483647;
			files = (
			);
			runOnlyForDeploymentPostprocessing = 0;
		};
/* End PBXFrameworksBuildPhase section */

/* Begin PBXGroup section */
		B04CABF229F6581A00238E68 = {
			isa = PBXGroup;
			children = (
				B0F2CD7A29F704B000D15C1F /* README.md */,
				B0F2CD8529F705D400D15C1F /* .gitignore */,
				B0F2CD7C29F7054500D15C1F /* Images */,
				B04CABFD29F6581A00238E68 /* TellMe */,
				B04CABFC29F6581A00238E68 /* Products */,
			);
			sourceTree = "<group>";
		};
		B04CABFC29F6581A00238E68 /* Products */ = {
			isa = PBXGroup;
			children = (
				B04CABFB29F6581A00238E68 /* TellMe.app */,
			);
			name = Products;
			sourceTree = "<group>";
		};
		B04CABFD29F6581A00238E68 /* TellMe */ = {
			isa = PBXGroup;
			children = (
				B04CABFE29F6581A00238E68 /* TellMeApp.swift */,
				B04CAC0029F6581A00238E68 /* ContentView.swift */,
				B0F2CD7829F6E56800D15C1F /* Constants.swift */,
				B04CAC0229F6581C00238E68 /* Assets.xcassets */,
				B04CAC0429F6581C00238E68 /* Preview Content */,
			);
			path = TellMe;
			sourceTree = "<group>";
		};
		B04CAC0429F6581C00238E68 /* Preview Content */ = {
			isa = PBXGroup;
			children = (
				B04CAC0529F6581C00238E68 /* Preview Assets.xcassets */,
			);
			path = "Preview Content";
			sourceTree = "<group>";
		};
		B0F2CD7C29F7054500D15C1F /* Images */ = {
			isa = PBXGroup;
			children = (
				B0F2CD7D29F7057700D15C1F /* 1st-Screen.png */,
				B0F2CD7F29F705C400D15C1F /* 2nd-Screen.png */,
				B0F2CD8129F705C400D15C1F /* 3rd-Screen.png */,
				B0F2CD8029F705C400D15C1F /* Alert-Screen.png */,
			);
			path = Images;
			sourceTree = "<group>";
		};
/* End PBXGroup section */

/* Begin PBXNativeTarget section */
		B04CABFA29F6581A00238E68 /* TellMe */ = {
			isa = PBXNativeTarget;
			buildConfigurationList = B04CAC0929F6581C00238E68 /* Build configuration list for PBXNativeTarget "TellMe" */;
			buildPhases = (
				B04CABF729F6581A00238E68 /* Sources */,
				B04CABF829F6581A00238E68 /* Frameworks */,
				B04CABF929F6581A00238E68 /* Resources */,
			);
			buildRules = (
			);
			dependencies = (
			);
			name = TellMe;
			productName = TellMe;
			productReference = B04CABFB29F6581A00238E68 /* TellMe.app */;
			productType = "com.apple.product-type.application";
		};
/* End PBXNativeTarget section */

/* Begin PBXProject section */
		B04CABF329F6581A00238E68 /* Project object */ = {
			isa = PBXProject;
			attributes = {
				BuildIndependentTargetsInParallel = 1;
				LastSwiftUpdateCheck = 1430;
				LastUpgradeCheck = 1430;
				TargetAttributes = {
					B04CABFA29F6581A00238E68 = {
						CreatedOnToolsVersion = 14.3;
					};
				};
			};
			buildConfigurationList = B04CABF629F6581A00238E68 /* Build configuration list for PBXProject "TellMe" */;
			compatibilityVersion = "Xcode 14.0";
			developmentRegion = en;
			hasScannedForEncodings = 0;
			knownRegions = (
				en,
				Base,
			);
			mainGroup = B04CABF229F6581A00238E68;
			productRefGroup = B04CABFC29F6581A00238E68 /* Products */;
			projectDirPath = "";
			projectRoot = "";
			targets = (
				B04CABFA29F6581A00238E68 /* TellMe */,
			);
		};
/* End PBXProject section */

/* Begin PBXResourcesBuildPhase section */
		B04CABF929F6581A00238E68 /* Resources */ = {
			isa = PBXResourcesBuildPhase;
			buildActionMask = 2147483647;
			files = (
				B0F2CD8629F705D400D15C1F /* .gitignore in Resources */,
				B0F2CD8329F705C400D15C1F /* Alert-Screen.png in Resources */,
				B0F2CD7B29F704B000D15C1F /* README.md in Resources */,
				B0F2CD8429F705C400D15C1F /* 3rd-Screen.png in Resources */,
				B04CAC0629F6581C00238E68 /* Preview Assets.xcassets in Resources */,
				B0F2CD7E29F7057700D15C1F /* 1st-Screen.png in Resources */,
				B04CAC0329F6581C00238E68 /* Assets.xcassets in Resources */,
				B0F2CD8229F705C400D15C1F /* 2nd-Screen.png in Resources */,
			);
			runOnlyForDeploymentPostprocessing = 0;
		};
/* End PBXResourcesBuildPhase section */

/* Begin PBXSourcesBuildPhase section */
		B04CABF729F6581A00238E68 /* Sources */ = {
			isa = PBXSourcesBuildPhase;
			buildActionMask = 2147483647;
			files = (
				B04CAC0129F6581A00238E68 /* ContentView.swift in Sources */,
				B04CABFF29F6581A00238E68 /* TellMeApp.swift in Sources */,
				B0F2CD7929F6E56800D15C1F /* Constants.swift in Sources */,
			);
			runOnlyForDeploymentPostprocessing = 0;
		};
/* End PBXSourcesBuildPhase section */

/* Begin XCBuildConfiguration section */
		B04CAC0729F6581C00238E68 /* Debug */ = {
			isa = XCBuildConfiguration;
			buildSettings = {
				ALWAYS_SEARCH_USER_PATHS = NO;
				CLANG_ANALYZER_NONNULL = YES;
				CLANG_ANALYZER_NUMBER_OBJECT_CONVERSION = YES_AGGRESSIVE;
				CLANG_CXX_LANGUAGE_STANDARD = "gnu++20";
				CLANG_ENABLE_MODULES = YES;
				CLANG_ENABLE_OBJC_ARC = YES;
				CLANG_ENABLE_OBJC_WEAK = YES;
				CLANG_WARN_BLOCK_CAPTURE_AUTORELEASING = YES;
				CLANG_WARN_BOOL_CONVERSION = YES;
				CLANG_WARN_COMMA = YES;
				CLANG_WARN_CONSTANT_CONVERSION = YES;
				CLANG_WARN_DEPRECATED_OBJC_IMPLEMENTATIONS = YES;
				CLANG_WARN_DIRECT_OBJC_ISA_USAGE = YES_ERROR;
				CLANG_WARN_DOCUMENTATION_COMMENTS = YES;
				CLANG_WARN_EMPTY_BODY = YES;
				CLANG_WARN_ENUM_CONVERSION = YES;
				CLANG_WARN_INFINITE_RECURSION = YES;
				CLANG_WARN_INT_CONVERSION = YES;
				CLANG_WARN_NON_LITERAL_NULL_CONVERSION = YES;
				CLANG_WARN_OBJC_IMPLICIT_RETAIN_SELF = YES;
				CLANG_WARN_OBJC_LITERAL_CONVERSION = YES;
				CLANG_WARN_OBJC_ROOT_CLASS = YES_ERROR;
				CLANG_WARN_QUOTED_INCLUDE_IN_FRAMEWORK_HEADER = YES;
				CLANG_WARN_RANGE_LOOP_ANALYSIS = YES;
				CLANG_WARN_STRICT_PROTOTYPES = YES;
				CLANG_WARN_SUSPICIOUS_MOVE = YES;
				CLANG_WARN_UNGUARDED_AVAILABILITY = YES_AGGRESSIVE;
				CLANG_WARN_UNREACHABLE_CODE = YES;
				CLANG_WARN__DUPLICATE_METHOD_MATCH = YES;
				COPY_PHASE_STRIP = NO;
				DEBUG_INFORMATION_FORMAT = dwarf;
				ENABLE_STRICT_OBJC_MSGSEND = YES;
				ENABLE_TESTABILITY = YES;
				GCC_C_LANGUAGE_STANDARD = gnu11;
				GCC_DYNAMIC_NO_PIC = NO;
				GCC_NO_COMMON_BLOCKS = YES;
				GCC_OPTIMIZATION_LEVEL = 0;
				GCC_PREPROCESSOR_DEFINITIONS = (
					"DEBUG=1",
					"$(inherited)",
				);
				GCC_WARN_64_TO_32_BIT_CONVERSION = YES;
				GCC_WARN_ABOUT_RETURN_TYPE = YES_ERROR;
				GCC_WARN_UNDECLARED_SELECTOR = YES;
				GCC_WARN_UNINITIALIZED_AUTOS = YES_AGGRESSIVE;
				GCC_WARN_UNUSED_FUNCTION = YES;
				GCC_WARN_UNUSED_VARIABLE = YES;
				IPHONEOS_DEPLOYMENT_TARGET = 16.4;
				MTL_ENABLE_DEBUG_INFO = INCLUDE_SOURCE;
				MTL_FAST_MATH = YES;
				ONLY_ACTIVE_ARCH = YES;
				SDKROOT = iphoneos;
				SWIFT_ACTIVE_COMPILATION_CONDITIONS = DEBUG;
				SWIFT_OPTIMIZATION_LEVEL = "-Onone";
			};
			name = Debug;
		};
		B04CAC0829F6581C00238E68 /* Release */ = {
			isa = XCBuildConfiguration;
			buildSettings = {
				ALWAYS_SEARCH_USER_PATHS = NO;
				CLANG_ANALYZER_NONNULL = YES;
				CLANG_ANALYZER_NUMBER_OBJECT_CONVERSION = YES_AGGRESSIVE;
				CLANG_CXX_LANGUAGE_STANDARD = "gnu++20";
				CLANG_ENABLE_MODULES = YES;
				CLANG_ENABLE_OBJC_ARC = YES;
				CLANG_ENABLE_OBJC_WEAK = YES;
				CLANG_WARN_BLOCK_CAPTURE_AUTORELEASING = YES;
				CLANG_WARN_BOOL_CONVERSION = YES;
				CLANG_WARN_COMMA = YES;
				CLANG_WARN_CONSTANT_CONVERSION = YES;
				CLANG_WARN_DEPRECATED_OBJC_IMPLEMENTATIONS = YES;
				CLANG_WARN_DIRECT_OBJC_ISA_USAGE = YES_ERROR;
				CLANG_WARN_DOCUMENTATION_COMMENTS = YES;
				CLANG_WARN_EMPTY_BODY = YES;
				CLANG_WARN_ENUM_CONVERSION = YES;
				CLANG_WARN_INFINITE_RECURSION = YES;
				CLANG_WARN_INT_CONVERSION = YES;
				CLANG_WARN_NON_LITERAL_NULL_CONVERSION = YES;
				CLANG_WARN_OBJC_IMPLICIT_RETAIN_SELF = YES;
				CLANG_WARN_OBJC_LITERAL_CONVERSION = YES;
				CLANG_WARN_OBJC_ROOT_CLASS = YES_ERROR;
				CLANG_WARN_QUOTED_INCLUDE_IN_FRAMEWORK_HEADER = YES;
				CLANG_WARN_RANGE_LOOP_ANALYSIS = YES;
				CLANG_WARN_STRICT_PROTOTYPES = YES;
				CLANG_WARN_SUSPICIOUS_MOVE = YES;
				CLANG_WARN_UNGUARDED_AVAILABILITY = YES_AGGRESSIVE;
				CLANG_WARN_UNREACHABLE_CODE = YES;
				CLANG_WARN__DUPLICATE_METHOD_MATCH = YES;
				COPY_PHASE_STRIP = NO;
				DEBUG_INFORMATION_FORMAT = "dwarf-with-dsym";
				ENABLE_NS_ASSERTIONS = NO;
				ENABLE_STRICT_OBJC_MSGSEND = YES;
				GCC_C_LANGUAGE_STANDARD = gnu11;
				GCC_NO_COMMON_BLOCKS = YES;
				GCC_WARN_64_TO_32_BIT_CONVERSION = YES;
				GCC_WARN_ABOUT_RETURN_TYPE = YES_ERROR;
				GCC_WARN_UNDECLARED_SELECTOR = YES;
				GCC_WARN_UNINITIALIZED_AUTOS = YES_AGGRESSIVE;
				GCC_WARN_UNUSED_FUNCTION = YES;
				GCC_WARN_UNUSED_VARIABLE = YES;
				IPHONEOS_DEPLOYMENT_TARGET = 16.4;
				MTL_ENABLE_DEBUG_INFO = NO;
				MTL_FAST_MATH = YES;
				SDKROOT = iphoneos;
				SWIFT_COMPILATION_MODE = wholemodule;
				SWIFT_OPTIMIZATION_LEVEL = "-O";
				VALIDATE_PRODUCT = YES;
			};
			name = Release;
		};
		B04CAC0A29F6581C00238E68 /* Debug */ = {
			isa = XCBuildConfiguration;
			buildSettings = {
				ASSETCATALOG_COMPILER_APPICON_NAME = AppIcon;
				ASSETCATALOG_COMPILER_GLOBAL_ACCENT_COLOR_NAME = AccentColor;
				CODE_SIGN_STYLE = Automatic;
				CURRENT_PROJECT_VERSION = 1;
				DEVELOPMENT_ASSET_PATHS = "\"TellMe/Preview Content\"";
				DEVELOPMENT_TEAM = F4UY8YURNN;
				ENABLE_PREVIEWS = YES;
				GENERATE_INFOPLIST_FILE = YES;
				INFOPLIST_KEY_UIApplicationSceneManifest_Generation = YES;
				INFOPLIST_KEY_UIApplicationSupportsIndirectInputEvents = YES;
				INFOPLIST_KEY_UILaunchScreen_Generation = YES;
				INFOPLIST_KEY_UISupportedInterfaceOrientations_iPad = "UIInterfaceOrientationPortrait UIInterfaceOrientationPortraitUpsideDown UIInterfaceOrientationLandscapeLeft UIInterfaceOrientationLandscapeRight";
				INFOPLIST_KEY_UISupportedInterfaceOrientations_iPhone = "UIInterfaceOrientationPortrait UIInterfaceOrientationLandscapeLeft UIInterfaceOrientationLandscapeRight";
				LD_RUNPATH_SEARCH_PATHS = (
					"$(inherited)",
					"@executable_path/Frameworks",
				);
				MARKETING_VERSION = 1.0;
				PRODUCT_BUNDLE_IDENTIFIER = com.StevenWijaya.TellMe;
				PRODUCT_NAME = "$(TARGET_NAME)";
				SWIFT_EMIT_LOC_STRINGS = YES;
				SWIFT_VERSION = 5.0;
				TARGETED_DEVICE_FAMILY = "1,2";
			};
			name = Debug;
		};
		B04CAC0B29F6581C00238E68 /* Release */ = {
			isa = XCBuildConfiguration;
			buildSettings = {
				ASSETCATALOG_COMPILER_APPICON_NAME = AppIcon;
				ASSETCATALOG_COMPILER_GLOBAL_ACCENT_COLOR_NAME = AccentColor;
				CODE_SIGN_STYLE = Automatic;
				CURRENT_PROJECT_VERSION = 1;
				DEVELOPMENT_ASSET_PATHS = "\"TellMe/Preview Content\"";
				DEVELOPMENT_TEAM = F4UY8YURNN;
				ENABLE_PREVIEWS = YES;
				GENERATE_INFOPLIST_FILE = YES;
				INFOPLIST_KEY_UIApplicationSceneManifest_Generation = YES;
				INFOPLIST_KEY_UIApplicationSupportsIndirectInputEvents = YES;
				INFOPLIST_KEY_UILaunchScreen_Generation = YES;
				INFOPLIST_KEY_UISupportedInterfaceOrientations_iPad = "UIInterfaceOrientationPortrait UIInterfaceOrientationPortraitUpsideDown UIInterfaceOrientationLandscapeLeft UIInterfaceOrientationLandscapeRight";
				INFOPLIST_KEY_UISupportedInterfaceOrientations_iPhone = "UIInterfaceOrientationPortrait UIInterfaceOrientationLandscapeLeft UIInterfaceOrientationLandscapeRight";
				LD_RUNPATH_SEARCH_PATHS = (
					"$(inherited)",
					"@executable_path/Frameworks",
				);
				MARKETING_VERSION = 1.0;
				PRODUCT_BUNDLE_IDENTIFIER = com.StevenWijaya.TellMe;
				PRODUCT_NAME = "$(TARGET_NAME)";
				SWIFT_EMIT_LOC_STRINGS = YES;
				SWIFT_VERSION = 5.0;
				TARGETED_DEVICE_FAMILY = "1,2";
			};
			name = Release;
		};
/* End XCBuildConfiguration section */

/* Begin XCConfigurationList section */
		B04CABF629F6581A00238E68 /* Build configuration list for PBXProject "TellMe" */ = {
			isa = XCConfigurationList;
			buildConfigurations = (
				B04CAC0729F6581C00238E68 /* Debug */,
				B04CAC0829F6581C00238E68 /* Release */,
			);
			defaultConfigurationIsVisible = 0;
			defaultConfigurationName = Release;
		};
		B04CAC0929F6581C00238E68 /* Build configuration list for PBXNativeTarget "TellMe" */ = {
			isa = XCConfigurationList;
			buildConfigurations = (
				B04CAC0A29F6581C00238E68 /* Debug */,
				B04CAC0B29F6581C00238E68 /* Release */,
			);
			defaultConfigurationIsVisible = 0;
			defaultConfigurationName = Release;
		};
/* End XCConfigurationList section */
	};
	rootObject = B04CABF329F6581A00238E68 /* Project object */;
}
